
Microsoft Visual Studio Solution File, Format Version 12.00
# Visual Studio Version 17
VisualStudioVersion = 17.1.32210.238
MinimumVisualStudioVersion = 10.0.40219.1
Project("{FAE04EC0-301F-11D3-BF4B-00C04F79EFBC}") = "examIIpractice", "examIIpractice\examIIpractice.csproj", "{D4C31EDF-AAAE-4A98-8F74-9CFA0473C5B0}"
EndProject
Project("{FAE04EC0-301F-11D3-BF4B-00C04F79EFBC}") = "problem 2", "problem 2\problem 2.csproj", "{4A973386-F12F-4955-808E-BB4BB1DBD0BA}"
EndProject
Project("{FAE04EC0-301F-11D3-BF4B-00C04F79EFBC}") = "prob3", "prob3\prob3.csproj", "{9E8CA007-1FE3-4A29-AE52-A31BB7D3FC1E}"
EndProject
Global
	GlobalSection(SolutionConfigurationPlatforms) = preSolution
		Debug|Any CPU = Debug|Any CPU
		Release|Any CPU = Release|Any CPU
	EndGlobalSection
	GlobalSection(ProjectConfigurationPlatforms) = postSolution
		{D4C31EDF-AAAE-4A98-8F74-9CFA0473C5B0}.Debug|Any CPU.ActiveCfg = Debug|Any CPU
		{D4C31EDF-AAAE-4A98-8F74-9CFA0473C5B0}.Debug|Any CPU.Build.0 = Debug|Any CPU
		{D4C31EDF-AAAE-4A98-8F74-9CFA0473C5B0}.Release|Any CPU.ActiveCfg = Release|Any CPU
		{D4C31EDF-AAAE-4A98-8F74-9CFA0473C5B0}.Release|Any CPU.Build.0 = Release|Any CPU
		{4A973386-F12F-4955-808E-BB4BB1DBD0BA}.Debug|Any CPU.ActiveCfg = Debug|Any CPU
		{4A973386-F12F-4955-808E-BB4BB1DBD0BA}.Debug|Any CPU.Build.0 = Debug|Any CPU
		{4A973386-F12F-4955-808E-BB4BB1DBD0BA}.Release|Any CPU.ActiveCfg = Release|Any CPU
		{4A973386-F12F-4955-808E-BB4BB1DBD0BA}.Release|Any CPU.Build.0 = Release|Any CPU
		{9E8CA007-1FE3-4A29-AE52-A31BB7D3FC1E}.Debug|Any CPU.ActiveCfg = Debug|Any CPU
		{9E8CA007-1FE3-4A29-AE52-A31BB7D3FC1E}.Debug|Any CPU.Build.0 = Debug|Any CPU
		{9E8CA007-1FE3-4A29-AE52-A31BB7D3FC1E}.Release|Any CPU.ActiveCfg = Release|Any CPU
		{9E8CA007-1FE3-4A29-AE52-A31BB7D3FC1E}.Release|Any CPU.Build.0 = Release|Any CPU
	EndGlobalSection
	GlobalSection(SolutionProperties) = preSolution
		HideSolutionNode = FALSE
	EndGlobalSection
	GlobalSection(ExtensibilityGlobals) = postSolution
		SolutionGuid = {EBDA3F49-678A-4749-9012-B0A210BDEAB6}
	EndGlobalSection
EndGlobal
